
Microsoft Visual Studio Solution File, Format Version 12.00
# Visual Studio Version 17
VisualStudioVersion = 17.0.31903.59
MinimumVisualStudioVersion = 10.0.40219.1
Project("{FAE04EC0-301F-11D3-BF4B-00C04F79EFBC}") = "FluentResultTest", "FluentResultTest\FluentResultTest.csproj", "{60A8A12C-5A1D-4214-9B0C-76495994ED94}"
EndProject
Project("{2150E333-8FDC-42A3-9474-1A3956D46DE8}") = "Libs", "Libs", "{94786ACD-F565-4A3E-BFA3-F4FA4E918587}"
EndProject
Project("{2150E333-8FDC-42A3-9474-1A3956D46DE8}") = "Courses", "Courses", "{5A7B82E9-3541-46DE-9BFD-698C094A8A67}"
EndProject
Project("{FAE04EC0-301F-11D3-BF4B-00C04F79EFBC}") = "ReactiveExtensionTest", "ReactiveExtensionTest\ReactiveExtensionTest.csproj", "{56EF1D01-ACEC-442E-9CA5-834DB1F048D8}"
EndProject
Project("{2150E333-8FDC-42A3-9474-1A3956D46DE8}") = "Samples", "Samples", "{70A8C36D-8408-4D54-A851-920E3F1CEC04}"
EndProject
Project("{2150E333-8FDC-42A3-9474-1A3956D46DE8}") = "TPL", "TPL", "{E8E7DC51-88DB-4104-AEF6-AF432A54F0D3}"
EndProject
Project("{FAE04EC0-301F-11D3-BF4B-00C04F79EFBC}") = "ConsoleApp1", "ConsoleApp1\ConsoleApp1.csproj", "{E59524E0-B78E-4EE9-A417-8C44F822A969}"
EndProject
Project("{FAE04EC0-301F-11D3-BF4B-00C04F79EFBC}") = "Helper", "Helper\Helper.csproj", "{C9634B46-AAE5-4156-B285-1249F8C64997}"
EndProject
Global
	GlobalSection(SolutionConfigurationPlatforms) = preSolution
		Debug|Any CPU = Debug|Any CPU
		Release|Any CPU = Release|Any CPU
	EndGlobalSection
	GlobalSection(SolutionProperties) = preSolution
		HideSolutionNode = FALSE
	EndGlobalSection
	GlobalSection(ProjectConfigurationPlatforms) = postSolution
		{60A8A12C-5A1D-4214-9B0C-76495994ED94}.Debug|Any CPU.ActiveCfg = Debug|Any CPU
		{60A8A12C-5A1D-4214-9B0C-76495994ED94}.Debug|Any CPU.Build.0 = Debug|Any CPU
		{60A8A12C-5A1D-4214-9B0C-76495994ED94}.Release|Any CPU.ActiveCfg = Release|Any CPU
		{60A8A12C-5A1D-4214-9B0C-76495994ED94}.Release|Any CPU.Build.0 = Release|Any CPU
		{56EF1D01-ACEC-442E-9CA5-834DB1F048D8}.Debug|Any CPU.ActiveCfg = Debug|Any CPU
		{56EF1D01-ACEC-442E-9CA5-834DB1F048D8}.Debug|Any CPU.Build.0 = Debug|Any CPU
		{56EF1D01-ACEC-442E-9CA5-834DB1F048D8}.Release|Any CPU.ActiveCfg = Release|Any CPU
		{56EF1D01-ACEC-442E-9CA5-834DB1F048D8}.Release|Any CPU.Build.0 = Release|Any CPU
		{E59524E0-B78E-4EE9-A417-8C44F822A969}.Debug|Any CPU.ActiveCfg = Debug|Any CPU
		{E59524E0-B78E-4EE9-A417-8C44F822A969}.Debug|Any CPU.Build.0 = Debug|Any CPU
		{E59524E0-B78E-4EE9-A417-8C44F822A969}.Release|Any CPU.ActiveCfg = Release|Any CPU
		{E59524E0-B78E-4EE9-A417-8C44F822A969}.Release|Any CPU.Build.0 = Release|Any CPU
		{C9634B46-AAE5-4156-B285-1249F8C64997}.Debug|Any CPU.ActiveCfg = Debug|Any CPU
		{C9634B46-AAE5-4156-B285-1249F8C64997}.Debug|Any CPU.Build.0 = Debug|Any CPU
		{C9634B46-AAE5-4156-B285-1249F8C64997}.Release|Any CPU.ActiveCfg = Release|Any CPU
		{C9634B46-AAE5-4156-B285-1249F8C64997}.Release|Any CPU.Build.0 = Release|Any CPU
	EndGlobalSection
	GlobalSection(NestedProjects) = preSolution
		{60A8A12C-5A1D-4214-9B0C-76495994ED94} = {94786ACD-F565-4A3E-BFA3-F4FA4E918587}
		{56EF1D01-ACEC-442E-9CA5-834DB1F048D8} = {94786ACD-F565-4A3E-BFA3-F4FA4E918587}
		{E8E7DC51-88DB-4104-AEF6-AF432A54F0D3} = {70A8C36D-8408-4D54-A851-920E3F1CEC04}
		{E59524E0-B78E-4EE9-A417-8C44F822A969} = {E8E7DC51-88DB-4104-AEF6-AF432A54F0D3}
	EndGlobalSection
EndGlobal
