
Microsoft Visual Studio Solution File, Format Version 12.00
# Visual Studio Version 17
VisualStudioVersion = 17.0.31903.59
MinimumVisualStudioVersion = 10.0.40219.1
Project("{FAE04EC0-301F-11D3-BF4B-00C04F79EFBC}") = "FluentResultTest", "FluentResultTest\FluentResultTest.csproj", "{60A8A12C-5A1D-4214-9B0C-76495994ED94}"
EndProject
Project("{2150E333-8FDC-42A3-9474-1A3956D46DE8}") = "Libs", "Libs", "{94786ACD-F565-4A3E-BFA3-F4FA4E918587}"
EndProject
Global
	GlobalSection(SolutionConfigurationPlatforms) = preSolution
		Debug|Any CPU = Debug|Any CPU
		Release|Any CPU = Release|Any CPU
	EndGlobalSection
	GlobalSection(SolutionProperties) = preSolution
		HideSolutionNode = FALSE
	EndGlobalSection
	GlobalSection(ProjectConfigurationPlatforms) = postSolution
		{60A8A12C-5A1D-4214-9B0C-76495994ED94}.Debug|Any CPU.ActiveCfg = Debug|Any CPU
		{60A8A12C-5A1D-4214-9B0C-76495994ED94}.Debug|Any CPU.Build.0 = Debug|Any CPU
		{60A8A12C-5A1D-4214-9B0C-76495994ED94}.Release|Any CPU.ActiveCfg = Release|Any CPU
		{60A8A12C-5A1D-4214-9B0C-76495994ED94}.Release|Any CPU.Build.0 = Release|Any CPU
	EndGlobalSection
	GlobalSection(NestedProjects) = preSolution
		{60A8A12C-5A1D-4214-9B0C-76495994ED94} = {94786ACD-F565-4A3E-BFA3-F4FA4E918587}
	EndGlobalSection
EndGlobal
